
Microsoft Visual Studio Solution File, Format Version 12.00
# Visual Studio Version 16
VisualStudioVersion = 16.0.30907.101
MinimumVisualStudioVersion = 10.0.40219.1
Project("{FAE04EC0-301F-11D3-BF4B-00C04F79EFBC}") = "Assign3", "Assign3.csproj", "{642CE159-C611-4BC4-8F45-2B08A8399F82}"
EndProject
Global
	GlobalSection(SolutionConfigurationPlatforms) = preSolution
		Debug|Any CPU = Debug|Any CPU
		Release|Any CPU = Release|Any CPU
	EndGlobalSection
	GlobalSection(ProjectConfigurationPlatforms) = postSolution
		{642CE159-C611-4BC4-8F45-2B08A8399F82}.Debug|Any CPU.ActiveCfg = Debug|Any CPU
		{642CE159-C611-4BC4-8F45-2B08A8399F82}.Debug|Any CPU.Build.0 = Debug|Any CPU
		{642CE159-C611-4BC4-8F45-2B08A8399F82}.Release|Any CPU.ActiveCfg = Release|Any CPU
		{642CE159-C611-4BC4-8F45-2B08A8399F82}.Release|Any CPU.Build.0 = Release|Any CPU
	EndGlobalSection
	GlobalSection(SolutionProperties) = preSolution
		HideSolutionNode = FALSE
	EndGlobalSection
	GlobalSection(ExtensibilityGlobals) = postSolution
		SolutionGuid = {3FDE3CFA-E874-4746-A36B-6332607B424D}
	EndGlobalSection
EndGlobal
